
Microsoft Visual Studio Solution File, Format Version 12.00
# Visual Studio 2015
Project("{FAE04EC0-301F-11D3-BF4B-00C04F79EFBC}") = "AnimationControl.Plugins", "AnimationControl.Plugins.csproj", "{C0DD9429-AAA7-442E-6F81-1E48EF4D781B}"
EndProject
Project("{FAE04EC0-301F-11D3-BF4B-00C04F79EFBC}") = "AnimationControl", "AnimationControl.csproj", "{F5122E64-8534-124D-FD73-A8DC47B3EA7F}"
EndProject
Global
	GlobalSection(SolutionConfigurationPlatforms) = preSolution
		Debug|Any CPU = Debug|Any CPU
		Release|Any CPU = Release|Any CPU
	EndGlobalSection
	GlobalSection(ProjectConfigurationPlatforms) = postSolution
		{C0DD9429-AAA7-442E-6F81-1E48EF4D781B}.Debug|Any CPU.ActiveCfg = Debug|Any CPU
		{C0DD9429-AAA7-442E-6F81-1E48EF4D781B}.Debug|Any CPU.Build.0 = Debug|Any CPU
		{C0DD9429-AAA7-442E-6F81-1E48EF4D781B}.Release|Any CPU.ActiveCfg = Release|Any CPU
		{C0DD9429-AAA7-442E-6F81-1E48EF4D781B}.Release|Any CPU.Build.0 = Release|Any CPU
		{F5122E64-8534-124D-FD73-A8DC47B3EA7F}.Debug|Any CPU.ActiveCfg = Debug|Any CPU
		{F5122E64-8534-124D-FD73-A8DC47B3EA7F}.Debug|Any CPU.Build.0 = Debug|Any CPU
		{F5122E64-8534-124D-FD73-A8DC47B3EA7F}.Release|Any CPU.ActiveCfg = Release|Any CPU
		{F5122E64-8534-124D-FD73-A8DC47B3EA7F}.Release|Any CPU.Build.0 = Release|Any CPU
	EndGlobalSection
	GlobalSection(SolutionProperties) = preSolution
		HideSolutionNode = FALSE
	EndGlobalSection
EndGlobal
